// !$*UTF8*$!
{
	archiveVersion = 1;
	classes = {
	};
	objectVersion = 77;
	objects = {

/* Begin PBXBuildFile section */
		A5929B722FC8FEF000116C22 /* AppMetricaAdSupport in Frameworks */ = {isa = PBXBuildFile; productRef = A5929B712FC8FEF000116C22 /* AppMetricaAdSupport */; };
		A5929B742FC8FEF000116C22 /* AppMetricaAnalytics in Frameworks */ = {isa = PBXBuildFile; productRef = A5929B732FC8FEF000116C22 /* AppMetricaAnalytics */; };
		A5929B762FC8FEF000116C22 /* AppMetricaCore in Frameworks */ = {isa = PBXBuildFile; productRef = A5929B752FC8FEF000116C22 /* AppMetricaCore */; };
		A5929B782FC8FEF000116C22 /* AppMetricaCrashes in Frameworks */ = {isa = PBXBuildFile; productRef = A5929B772FC8FEF000116C22 /* AppMetricaCrashes */; };
		A5929B7A2FC8FEF000116C22 /* AppMetricaIDSync in Frameworks */ = {isa = PBXBuildFile; productRef = A5929B792FC8FEF000116C22 /* AppMetricaIDSync */; };
		A5929B7F2FC9011F00116C22 /* InlineSnapshotTesting in Frameworks */ = {isa = PBXBuildFile; productRef = A5929B7E2FC9011F00116C22 /* InlineSnapshotTesting */; };
		A5929B812FC9011F00116C22 /* SnapshotTesting in Frameworks */ = {isa = PBXBuildFile; productRef = A5929B802FC9011F00116C22 /* SnapshotTesting */; };
		A5929B832FC9011F00116C22 /* SnapshotTestingCustomDump in Frameworks */ = {isa = PBXBuildFile; productRef = A5929B822FC9011F00116C22 /* SnapshotTestingCustomDump */; };
/* End PBXBuildFile section */

/* Begin PBXContainerItemProxy section */
		A5AC67662F991829007CC510 /* PBXContainerItemProxy */ = {
			isa = PBXContainerItemProxy;
			containerPortal = A5AC67472F991827007CC510 /* Project object */;
			proxyType = 1;
			remoteGlobalIDString = A5AC674E2F991827007CC510;
			remoteInfo = Tracker;
		};
		A5AC67702F991829007CC510 /* PBXContainerItemProxy */ = {
			isa = PBXContainerItemProxy;
			containerPortal = A5AC67472F991827007CC510 /* Project object */;
			proxyType = 1;
			remoteGlobalIDString = A5AC674E2F991827007CC510;
			remoteInfo = Tracker;
		};
/* End PBXContainerItemProxy section */

/* Begin PBXFileReference section */
		A5AC674F2F991827007CC510 /* Tracker.app */ = {isa = PBXFileReference; explicitFileType = wrapper.application; includeInIndex = 0; path = Tracker.app; sourceTree = BUILT_PRODUCTS_DIR; };
		A5AC67652F991829007CC510 /* TrackerTests.xctest */ = {isa = PBXFileReference; explicitFileType = wrapper.cfbundle; includeInIndex = 0; path = TrackerTests.xctest; sourceTree = BUILT_PRODUCTS_DIR; };
		A5AC676F2F991829007CC510 /* TrackerUITests.xctest */ = {isa = PBXFileReference; explicitFileType = wrapper.cfbundle; includeInIndex = 0; path = TrackerUITests.xctest; sourceTree = BUILT_PRODUCTS_DIR; };
/* End PBXFileReference section */

/* Begin PBXFileSystemSynchronizedBuildFileExceptionSet section */
		A5AC67A52F9951B6007CC510 /* Exceptions for "Tracker" folder in "Tracker" target */ = {
			isa = PBXFileSystemSynchronizedBuildFileExceptionSet;
			membershipExceptions = (
				App/Info.plist,
			);
			target = A5AC674E2F991827007CC510 /* Tracker */;
		};
/* End PBXFileSystemSynchronizedBuildFileExceptionSet section */

/* Begin PBXFileSystemSynchronizedRootGroup section */
		A5AC67682F991829007CC510 /* TrackerTests */ = {
			isa = PBXFileSystemSynchronizedRootGroup;
			path = TrackerTests;
			sourceTree = "<group>";
		};
		A5AC67722F991829007CC510 /* TrackerUITests */ = {
			isa = PBXFileSystemSynchronizedRootGroup;
			path = TrackerUITests;
			sourceTree = "<group>";
		};
		A5AC679E2F9951B6007CC510 /* Tracker */ = {
			isa = PBXFileSystemSynchronizedRootGroup;
			exceptions = (
				A5AC67A52F9951B6007CC510 /* Exceptions for "Tracker" folder in "Tracker" target */,
			);
			path = Tracker;
			sourceTree = "<group>";
		};
/* End PBXFileSystemSynchronizedRootGroup section */

/* Begin PBXFrameworksBuildPhase section */
		A5AC674C2F991827007CC510 /* Frameworks */ = {
			isa = PBXFrameworksBuildPhase;
			buildActionMask = 2147483647;
			files = (
				A5929B782FC8FEF000116C22 /* AppMetricaCrashes in Frameworks */,
				A5929B762FC8FEF000116C22 /* AppMetricaCore in Frameworks */,
				A5929B7A2FC8FEF000116C22 /* AppMetricaIDSync in Frameworks */,
				A5929B722FC8FEF000116C22 /* AppMetricaAdSupport in Frameworks */,
				A5929B742FC8FEF000116C22 /* AppMetricaAnalytics in Frameworks */,
			);
			runOnlyForDeploymentPostprocessing = 0;
		};
		A5AC67622F991829007CC510 /* Frameworks */ = {
			isa = PBXFrameworksBuildPhase;
			buildActionMask = 2147483647;
			files = (
				A5929B832FC9011F00116C22 /* SnapshotTestingCustomDump in Frameworks */,
				A5929B7F2FC9011F00116C22 /* InlineSnapshotTesting in Frameworks */,
				A5929B812FC9011F00116C22 /* SnapshotTesting in Frameworks */,
			);
			runOnlyForDeploymentPostprocessing = 0;
		};
		A5AC676C2F991829007CC510 /* Frameworks */ = {
			isa = PBXFrameworksBuildPhase;
			buildActionMask = 2147483647;
			files = (
			);
			runOnlyForDeploymentPostprocessing = 0;
		};
/* End PBXFrameworksBuildPhase section */

/* Begin PBXGroup section */
		A5AC67462F991827007CC510 = {
			isa = PBXGroup;
			children = (
				A5AC679E2F9951B6007CC510 /* Tracker */,
				A5AC67682F991829007CC510 /* TrackerTests */,
				A5AC67722F991829007CC510 /* TrackerUITests */,
				A5AC67502F991827007CC510 /* Products */,
			);
			sourceTree = "<group>";
		};
		A5AC67502F991827007CC510 /* Products */ = {
			isa = PBXGroup;
			children = (
				A5AC674F2F991827007CC510 /* Tracker.app */,
				A5AC67652F991829007CC510 /* TrackerTests.xctest */,
				A5AC676F2F991829007CC510 /* TrackerUITests.xctest */,
			);
			name = Products;
			sourceTree = "<group>";
		};
/* End PBXGroup section */

/* Begin PBXNativeTarget section */
		A5AC674E2F991827007CC510 /* Tracker */ = {
			isa = PBXNativeTarget;
			buildConfigurationList = A5AC67782F991829007CC510 /* Build configuration list for PBXNativeTarget "Tracker" */;
			buildPhases = (
				A5AC674B2F991827007CC510 /* Sources */,
				A5AC674C2F991827007CC510 /* Frameworks */,
				A5AC674D2F991827007CC510 /* Resources */,
			);
			buildRules = (
			);
			dependencies = (
			);
			fileSystemSynchronizedGroups = (
				A5AC679E2F9951B6007CC510 /* Tracker */,
			);
			name = Tracker;
			packageProductDependencies = (
				A5929B712FC8FEF000116C22 /* AppMetricaAdSupport */,
				A5929B732FC8FEF000116C22 /* AppMetricaAnalytics */,
				A5929B752FC8FEF000116C22 /* AppMetricaCore */,
				A5929B772FC8FEF000116C22 /* AppMetricaCrashes */,
				A5929B792FC8FEF000116C22 /* AppMetricaIDSync */,
			);
			productName = Tracker;
			productReference = A5AC674F2F991827007CC510 /* Tracker.app */;
			productType = "com.apple.product-type.application";
		};
		A5AC67642F991829007CC510 /* TrackerTests */ = {
			isa = PBXNativeTarget;
			buildConfigurationList = A5AC677D2F991829007CC510 /* Build configuration list for PBXNativeTarget "TrackerTests" */;
			buildPhases = (
				A5AC67612F991829007CC510 /* Sources */,
				A5AC67622F991829007CC510 /* Frameworks */,
				A5AC67632F991829007CC510 /* Resources */,
			);
			buildRules = (
			);
			dependencies = (
				A5AC67672F991829007CC510 /* PBXTargetDependency */,
			);
			fileSystemSynchronizedGroups = (
				A5AC67682F991829007CC510 /* TrackerTests */,
			);
			name = TrackerTests;
			packageProductDependencies = (
				A5929B7E2FC9011F00116C22 /* InlineSnapshotTesting */,
				A5929B802FC9011F00116C22 /* SnapshotTesting */,
				A5929B822FC9011F00116C22 /* SnapshotTestingCustomDump */,
			);
			productName = TrackerTests;
			productReference = A5AC67652F991829007CC510 /* TrackerTests.xctest */;
			productType = "com.apple.product-type.bundle.unit-test";
		};
		A5AC676E2F991829007CC510 /* TrackerUITests */ = {
			isa = PBXNativeTarget;
			buildConfigurationList = A5AC67802F991829007CC510 /* Build configuration list for PBXNativeTarget "TrackerUITests" */;
			buildPhases = (
				A5AC676B2F991829007CC510 /* Sources */,
				A5AC676C2F991829007CC510 /* Frameworks */,
				A5AC676D2F991829007CC510 /* Resources */,
			);
			buildRules = (
			);
			dependencies = (
				A5AC67712F991829007CC510 /* PBXTargetDependency */,
			);
			fileSystemSynchronizedGroups = (
				A5AC67722F991829007CC510 /* TrackerUITests */,
			);
			name = TrackerUITests;
			packageProductDependencies = (
			);
			productName = TrackerUITests;
			productReference = A5AC676F2F991829007CC510 /* TrackerUITests.xctest */;
			productType = "com.apple.product-type.bundle.ui-testing";
		};
/* End PBXNativeTarget section */

/* Begin PBXProject section */
		A5AC67472F991827007CC510 /* Project object */ = {
			isa = PBXProject;
			attributes = {
				BuildIndependentTargetsInParallel = 1;
				LastSwiftUpdateCheck = 1620;
				LastUpgradeCheck = 1620;
				TargetAttributes = {
					A5AC674E2F991827007CC510 = {
						CreatedOnToolsVersion = 16.2;
					};
					A5AC67642F991829007CC510 = {
						CreatedOnToolsVersion = 16.2;
						TestTargetID = A5AC674E2F991827007CC510;
					};
					A5AC676E2F991829007CC510 = {
						CreatedOnToolsVersion = 16.2;
						TestTargetID = A5AC674E2F991827007CC510;
					};
				};
			};
			buildConfigurationList = A5AC674A2F991827007CC510 /* Build configuration list for PBXProject "Tracker" */;
			developmentRegion = en;
			hasScannedForEncodings = 0;
			knownRegions = (
				en,
				Base,
				ru,
			);
			mainGroup = A5AC67462F991827007CC510;
			minimizedProjectReferenceProxies = 1;
			packageReferences = (
				A5929B702FC8FEF000116C22 /* XCRemoteSwiftPackageReference "appmetrica-sdk-ios" */,
				A5929B7D2FC9011F00116C22 /* XCRemoteSwiftPackageReference "swift-snapshot-testing" */,
			);
			preferredProjectObjectVersion = 77;
			productRefGroup = A5AC67502F991827007CC510 /* Products */;
			projectDirPath = "";
			projectRoot = "";
			targets = (
				A5AC674E2F991827007CC510 /* Tracker */,
				A5AC67642F991829007CC510 /* TrackerTests */,
				A5AC676E2F991829007CC510 /* TrackerUITests */,
			);
		};
/* End PBXProject section */

/* Begin PBXResourcesBuildPhase section */
		A5AC674D2F991827007CC510 /* Resources */ = {
			isa = PBXResourcesBuildPhase;
			buildActionMask = 2147483647;
			files = (
			);
			runOnlyForDeploymentPostprocessing = 0;
		};
		A5AC67632F991829007CC510 /* Resources */ = {
			isa = PBXResourcesBuildPhase;
			buildActionMask = 2147483647;
			files = (
			);
			runOnlyForDeploymentPostprocessing = 0;
		};
		A5AC676D2F991829007CC510 /* Resources */ = {
			isa = PBXResourcesBuildPhase;
			buildActionMask = 2147483647;
			files = (
			);
			runOnlyForDeploymentPostprocessing = 0;
		};
/* End PBXResourcesBuildPhase section */

/* Begin PBXSourcesBuildPhase section */
		A5AC674B2F991827007CC510 /* Sources */ = {
			isa = PBXSourcesBuildPhase;
			buildActionMask = 2147483647;
			files = (
			);
			runOnlyForDeploymentPostprocessing = 0;
		};
		A5AC67612F991829007CC510 /* Sources */ = {
			isa = PBXSourcesBuildPhase;
			buildActionMask = 2147483647;
			files = (
			);
			runOnlyForDeploymentPostprocessing = 0;
		};
		A5AC676B2F991829007CC510 /* Sources */ = {
			isa = PBXSourcesBuildPhase;
			buildActionMask = 2147483647;
			files = (
			);
			runOnlyForDeploymentPostprocessing = 0;
		};
/* End PBXSourcesBuildPhase section */

/* Begin PBXTargetDependency section */
		A5AC67672F991829007CC510 /* PBXTargetDependency */ = {
			isa = PBXTargetDependency;
			target = A5AC674E2F991827007CC510 /* Tracker */;
			targetProxy = A5AC67662F991829007CC510 /* PBXContainerItemProxy */;
		};
		A5AC67712F991829007CC510 /* PBXTargetDependency */ = {
			isa = PBXTargetDependency;
			target = A5AC674E2F991827007CC510 /* Tracker */;
			targetProxy = A5AC67702F991829007CC510 /* PBXContainerItemProxy */;
		};
/* End PBXTargetDependency section */

/* Begin XCBuildConfiguration section */
		A5AC67792F991829007CC510 /* Debug */ = {
			isa = XCBuildConfiguration;
			buildSettings = {
				ASSETCATALOG_COMPILER_APPICON_NAME = AppIcon;
				ASSETCATALOG_COMPILER_GLOBAL_ACCENT_COLOR_NAME = AccentColor;
				CODE_SIGN_STYLE = Automatic;
				CURRENT_PROJECT_VERSION = 1;
				DEVELOPMENT_TEAM = 35R8U596DX;
				GENERATE_INFOPLIST_FILE = YES;
				INFOPLIST_FILE = Tracker/App/Info.plist;
				INFOPLIST_KEY_UIApplicationSupportsIndirectInputEvents = YES;
				INFOPLIST_KEY_UILaunchStoryboardName = LaunchScreen;
				INFOPLIST_KEY_UISupportedInterfaceOrientations = UIInterfaceOrientationPortrait;
				INFOPLIST_KEY_UISupportedInterfaceOrientations_iPad = "UIInterfaceOrientationLandscapeLeft UIInterfaceOrientationLandscapeRight UIInterfaceOrientationPortrait UIInterfaceOrientationPortraitUpsideDown";
				IPHONEOS_DEPLOYMENT_TARGET = 17.0;
				LD_RUNPATH_SEARCH_PATHS = (
					"$(inherited)",
					"@executable_path/Frameworks",
				);
				MARKETING_VERSION = 1.0;
				PRODUCT_BUNDLE_IDENTIFIER = sd.rrii.Tracker;
				PRODUCT_NAME = "$(TARGET_NAME)";
				SWIFT_EMIT_LOC_STRINGS = YES;
				SWIFT_VERSION = 5.0;
				TARGETED_DEVICE_FAMILY = "1,2";
			};
			name = Debug;
		};
		A5AC677A2F991829007CC510 /* Release */ = {
			isa = XCBuildConfiguration;
			buildSettings = {
				ASSETCATALOG_COMPILER_APPICON_NAME = AppIcon;
				ASSETCATALOG_COMPILER_GLOBAL_ACCENT_COLOR_NAME = AccentColor;
				CODE_SIGN_STYLE = Automatic;
				CURRENT_PROJECT_VERSION = 1;
				DEVELOPMENT_TEAM = 35R8U596DX;
				GENERATE_INFOPLIST_FILE = YES;
				INFOPLIST_FILE = Tracker/App/Info.plist;
				INFOPLIST_KEY_UIApplicationSupportsIndirectInputEvents = YES;
				INFOPLIST_KEY_UILaunchStoryboardName = LaunchScreen;
				INFOPLIST_KEY_UISupportedInterfaceOrientations = UIInterfaceOrientationPortrait;
				INFOPLIST_KEY_UISupportedInterfaceOrientations_iPad = "UIInterfaceOrientationLandscapeLeft UIInterfaceOrientationLandscapeRight UIInterfaceOrientationPortrait UIInterfaceOrientationPortraitUpsideDown";
				IPHONEOS_DEPLOYMENT_TARGET = 17.0;
				LD_RUNPATH_SEARCH_PATHS = (
					"$(inherited)",
					"@executable_path/Frameworks",
				);
				MARKETING_VERSION = 1.0;
				PRODUCT_BUNDLE_IDENTIFIER = sd.rrii.Tracker;
				PRODUCT_NAME = "$(TARGET_NAME)";
				SWIFT_EMIT_LOC_STRINGS = YES;
				SWIFT_VERSION = 5.0;
				TARGETED_DEVICE_FAMILY = "1,2";
			};
			name = Release;
		};
		A5AC677B2F991829007CC510 /* Debug */ = {
			isa = XCBuildConfiguration;
			buildSettings = {
				ALWAYS_SEARCH_USER_PATHS = NO;
				ASSETCATALOG_COMPILER_GENERATE_SWIFT_ASSET_SYMBOL_EXTENSIONS = YES;
				CLANG_ANALYZER_LOCALIZABILITY_NONLOCALIZED = YES;
				CLANG_ANALYZER_NONNULL = YES;
				CLANG_ANALYZER_NUMBER_OBJECT_CONVERSION = YES_AGGRESSIVE;
				CLANG_CXX_LANGUAGE_STANDARD = "gnu++20";
				CLANG_ENABLE_MODULES = YES;
				CLANG_ENABLE_OBJC_ARC = YES;
				CLANG_ENABLE_OBJC_WEAK = YES;
				CLANG_WARN_BLOCK_CAPTURE_AUTORELEASING = YES;
				CLANG_WARN_BOOL_CONVERSION = YES;
				CLANG_WARN_COMMA = YES;
				CLANG_WARN_CONSTANT_CONVERSION = YES;
				CLANG_WARN_DEPRECATED_OBJC_IMPLEMENTATIONS = YES;
				CLANG_WARN_DIRECT_OBJC_ISA_USAGE = YES_ERROR;
				CLANG_WARN_DOCUMENTATION_COMMENTS = YES;
				CLANG_WARN_EMPTY_BODY = YES;
				CLANG_WARN_ENUM_CONVERSION = YES;
				CLANG_WARN_INFINITE_RECURSION = YES;
				CLANG_WARN_INT_CONVERSION = YES;
				CLANG_WARN_NON_LITERAL_NULL_CONVERSION = YES;
				CLANG_WARN_OBJC_IMPLICIT_RETAIN_SELF = YES;
				CLANG_WARN_OBJC_LITERAL_CONVERSION = YES;
				CLANG_WARN_OBJC_ROOT_CLASS = YES_ERROR;
				CLANG_WARN_QUOTED_INCLUDE_IN_FRAMEWORK_HEADER = YES;
				CLANG_WARN_RANGE_LOOP_ANALYSIS = YES;
				CLANG_WARN_STRICT_PROTOTYPES = YES;
				CLANG_WARN_SUSPICIOUS_MOVE = YES;
				CLANG_WARN_UNGUARDED_AVAILABILITY = YES_AGGRESSIVE;
				CLANG_WARN_UNREACHABLE_CODE = YES;
				CLANG_WARN__DUPLICATE_METHOD_MATCH = YES;
				COPY_PHASE_STRIP = NO;
				DEBUG_INFORMATION_FORMAT = dwarf;
				ENABLE_STRICT_OBJC_MSGSEND = YES;
				ENABLE_TESTABILITY = YES;
				ENABLE_USER_SCRIPT_SANDBOXING = YES;
				GCC_C_LANGUAGE_STANDARD = gnu17;
				GCC_DYNAMIC_NO_PIC = NO;
				GCC_NO_COMMON_BLOCKS = YES;
				GCC_OPTIMIZATION_LEVEL = 0;
				GCC_PREPROCESSOR_DEFINITIONS = (
					"DEBUG=1",
					"$(inherited)",
				);
				GCC_WARN_64_TO_32_BIT_CONVERSION = YES;
				GCC_WARN_ABOUT_RETURN_TYPE = YES_ERROR;
				GCC_WARN_UNDECLARED_SELECTOR = YES;
				GCC_WARN_UNINITIALIZED_AUTOS = YES_AGGRESSIVE;
				GCC_WARN_UNUSED_FUNCTION = YES;
				GCC_WARN_UNUSED_VARIABLE = YES;
				IPHONEOS_DEPLOYMENT_TARGET = 18.2;
				LOCALIZATION_PREFERS_STRING_CATALOGS = YES;
				MTL_ENABLE_DEBUG_INFO = INCLUDE_SOURCE;
				MTL_FAST_MATH = YES;
				ONLY_ACTIVE_ARCH = YES;
				SDKROOT = iphoneos;
				SWIFT_ACTIVE_COMPILATION_CONDITIONS = "DEBUG $(inherited)";
				SWIFT_OPTIMIZATION_LEVEL = "-Onone";
			};
			name = Debug;
		};
		A5AC677C2F991829007CC510 /* Release */ = {
			isa = XCBuildConfiguration;
			buildSettings = {
				ALWAYS_SEARCH_USER_PATHS = NO;
				ASSETCATALOG_COMPILER_GENERATE_SWIFT_ASSET_SYMBOL_EXTENSIONS = YES;
				CLANG_ANALYZER_LOCALIZABILITY_NONLOCALIZED = YES;
				CLANG_ANALYZER_NONNULL = YES;
				CLANG_ANALYZER_NUMBER_OBJECT_CONVERSION = YES_AGGRESSIVE;
				CLANG_CXX_LANGUAGE_STANDARD = "gnu++20";
				CLANG_ENABLE_MODULES = YES;
				CLANG_ENABLE_OBJC_ARC = YES;
				CLANG_ENABLE_OBJC_WEAK = YES;
				CLANG_WARN_BLOCK_CAPTURE_AUTORELEASING = YES;
				CLANG_WARN_BOOL_CONVERSION = YES;
				CLANG_WARN_COMMA = YES;
				CLANG_WARN_CONSTANT_CONVERSION = YES;
				CLANG_WARN_DEPRECATED_OBJC_IMPLEMENTATIONS = YES;
				CLANG_WARN_DIRECT_OBJC_ISA_USAGE = YES_ERROR;
				CLANG_WARN_DOCUMENTATION_COMMENTS = YES;
				CLANG_WARN_EMPTY_BODY = YES;
				CLANG_WARN_ENUM_CONVERSION = YES;
				CLANG_WARN_INFINITE_RECURSION = YES;
				CLANG_WARN_INT_CONVERSION = YES;
				CLANG_WARN_NON_LITERAL_NULL_CONVERSION = YES;
				CLANG_WARN_OBJC_IMPLICIT_RETAIN_SELF = YES;
				CLANG_WARN_OBJC_LITERAL_CONVERSION = YES;
				CLANG_WARN_OBJC_ROOT_CLASS = YES_ERROR;
				CLANG_WARN_QUOTED_INCLUDE_IN_FRAMEWORK_HEADER = YES;
				CLANG_WARN_RANGE_LOOP_ANALYSIS = YES;
				CLANG_WARN_STRICT_PROTOTYPES = YES;
				CLANG_WARN_SUSPICIOUS_MOVE = YES;
				CLANG_WARN_UNGUARDED_AVAILABILITY = YES_AGGRESSIVE;
				CLANG_WARN_UNREACHABLE_CODE = YES;
				CLANG_WARN__DUPLICATE_METHOD_MATCH = YES;
				COPY_PHASE_STRIP = NO;
				DEBUG_INFORMATION_FORMAT = "dwarf-with-dsym";
				ENABLE_NS_ASSERTIONS = NO;
				ENABLE_STRICT_OBJC_MSGSEND = YES;
				ENABLE_USER_SCRIPT_SANDBOXING = YES;
				GCC_C_LANGUAGE_STANDARD = gnu17;
				GCC_NO_COMMON_BLOCKS = YES;
				GCC_WARN_64_TO_32_BIT_CONVERSION = YES;
				GCC_WARN_ABOUT_RETURN_TYPE = YES_ERROR;
				GCC_WARN_UNDECLARED_SELECTOR = YES;
				GCC_WARN_UNINITIALIZED_AUTOS = YES_AGGRESSIVE;
				GCC_WARN_UNUSED_FUNCTION = YES;
				GCC_WARN_UNUSED_VARIABLE = YES;
				IPHONEOS_DEPLOYMENT_TARGET = 18.2;
				LOCALIZATION_PREFERS_STRING_CATALOGS = YES;
				MTL_ENABLE_DEBUG_INFO = NO;
				MTL_FAST_MATH = YES;
				SDKROOT = iphoneos;
				SWIFT_COMPILATION_MODE = wholemodule;
				VALIDATE_PRODUCT = YES;
			};
			name = Release;
		};
		A5AC677E2F991829007CC510 /* Debug */ = {
			isa = XCBuildConfiguration;
			buildSettings = {
				BUNDLE_LOADER = "$(TEST_HOST)";
				CODE_SIGN_STYLE = Automatic;
				CURRENT_PROJECT_VERSION = 1;
				DEVELOPMENT_TEAM = 35R8U596DX;
				GENERATE_INFOPLIST_FILE = YES;
				IPHONEOS_DEPLOYMENT_TARGET = 18.2;
				MARKETING_VERSION = 1.0;
				PRODUCT_BUNDLE_IDENTIFIER = sd.rrii.TrackerTests;
				PRODUCT_NAME = "$(TARGET_NAME)";
				SWIFT_EMIT_LOC_STRINGS = NO;
				SWIFT_VERSION = 5.0;
				TARGETED_DEVICE_FAMILY = "1,2";
				TEST_HOST = "$(BUILT_PRODUCTS_DIR)/Tracker.app/$(BUNDLE_EXECUTABLE_FOLDER_PATH)/Tracker";
			};
			name = Debug;
		};
		A5AC677F2F991829007CC510 /* Release */ = {
			isa = XCBuildConfiguration;
			buildSettings = {
				BUNDLE_LOADER = "$(TEST_HOST)";
				CODE_SIGN_STYLE = Automatic;
				CURRENT_PROJECT_VERSION = 1;
				DEVELOPMENT_TEAM = 35R8U596DX;
				GENERATE_INFOPLIST_FILE = YES;
				IPHONEOS_DEPLOYMENT_TARGET = 18.2;
				MARKETING_VERSION = 1.0;
				PRODUCT_BUNDLE_IDENTIFIER = sd.rrii.TrackerTests;
				PRODUCT_NAME = "$(TARGET_NAME)";
				SWIFT_EMIT_LOC_STRINGS = NO;
				SWIFT_VERSION = 5.0;
				TARGETED_DEVICE_FAMILY = "1,2";
				TEST_HOST = "$(BUILT_PRODUCTS_DIR)/Tracker.app/$(BUNDLE_EXECUTABLE_FOLDER_PATH)/Tracker";
			};
			name = Release;
		};
		A5AC67812F991829007CC510 /* Debug */ = {
			isa = XCBuildConfiguration;
			buildSettings = {
				CODE_SIGN_STYLE = Automatic;
				CURRENT_PROJECT_VERSION = 1;
				DEVELOPMENT_TEAM = 35R8U596DX;
				GENERATE_INFOPLIST_FILE = YES;
				MARKETING_VERSION = 1.0;
				PRODUCT_BUNDLE_IDENTIFIER = sd.rrii.TrackerUITests;
				PRODUCT_NAME = "$(TARGET_NAME)";
				SWIFT_EMIT_LOC_STRINGS = NO;
				SWIFT_VERSION = 5.0;
				TARGETED_DEVICE_FAMILY = "1,2";
				TEST_TARGET_NAME = Tracker;
			};
			name = Debug;
		};
		A5AC67822F991829007CC510 /* Release */ = {
			isa = XCBuildConfiguration;
			buildSettings = {
				CODE_SIGN_STYLE = Automatic;
				CURRENT_PROJECT_VERSION = 1;
				DEVELOPMENT_TEAM = 35R8U596DX;
				GENERATE_INFOPLIST_FILE = YES;
				MARKETING_VERSION = 1.0;
				PRODUCT_BUNDLE_IDENTIFIER = sd.rrii.TrackerUITests;
				PRODUCT_NAME = "$(TARGET_NAME)";
				SWIFT_EMIT_LOC_STRINGS = NO;
				SWIFT_VERSION = 5.0;
				TARGETED_DEVICE_FAMILY = "1,2";
				TEST_TARGET_NAME = Tracker;
			};
			name = Release;
		};
/* End XCBuildConfiguration section */

/* Begin XCConfigurationList section */
		A5AC674A2F991827007CC510 /* Build configuration list for PBXProject "Tracker" */ = {
			isa = XCConfigurationList;
			buildConfigurations = (
				A5AC677B2F991829007CC510 /* Debug */,
				A5AC677C2F991829007CC510 /* Release */,
			);
			defaultConfigurationIsVisible = 0;
			defaultConfigurationName = Release;
		};
		A5AC67782F991829007CC510 /* Build configuration list for PBXNativeTarget "Tracker" */ = {
			isa = XCConfigurationList;
			buildConfigurations = (
				A5AC67792F991829007CC510 /* Debug */,
				A5AC677A2F991829007CC510 /* Release */,
			);
			defaultConfigurationIsVisible = 0;
			defaultConfigurationName = Release;
		};
		A5AC677D2F991829007CC510 /* Build configuration list for PBXNativeTarget "TrackerTests" */ = {
			isa = XCConfigurationList;
			buildConfigurations = (
				A5AC677E2F991829007CC510 /* Debug */,
				A5AC677F2F991829007CC510 /* Release */,
			);
			defaultConfigurationIsVisible = 0;
			defaultConfigurationName = Release;
		};
		A5AC67802F991829007CC510 /* Build configuration list for PBXNativeTarget "TrackerUITests" */ = {
			isa = XCConfigurationList;
			buildConfigurations = (
				A5AC67812F991829007CC510 /* Debug */,
				A5AC67822F991829007CC510 /* Release */,
			);
			defaultConfigurationIsVisible = 0;
			defaultConfigurationName = Release;
		};
/* End XCConfigurationList section */

/* Begin XCRemoteSwiftPackageReference section */
		A5929B702FC8FEF000116C22 /* XCRemoteSwiftPackageReference "appmetrica-sdk-ios" */ = {
			isa = XCRemoteSwiftPackageReference;
			repositoryURL = "https://github.com/appmetrica/appmetrica-sdk-ios";
			requirement = {
				kind = upToNextMajorVersion;
				minimumVersion = 6.3.0;
			};
		};
		A5929B7D2FC9011F00116C22 /* XCRemoteSwiftPackageReference "swift-snapshot-testing" */ = {
			isa = XCRemoteSwiftPackageReference;
			repositoryURL = "https://github.com/pointfreeco/swift-snapshot-testing";
			requirement = {
				kind = upToNextMajorVersion;
				minimumVersion = 1.19.2;
			};
		};
/* End XCRemoteSwiftPackageReference section */

/* Begin XCSwiftPackageProductDependency section */
		A5929B712FC8FEF000116C22 /* AppMetricaAdSupport */ = {
			isa = XCSwiftPackageProductDependency;
			package = A5929B702FC8FEF000116C22 /* XCRemoteSwiftPackageReference "appmetrica-sdk-ios" */;
			productName = AppMetricaAdSupport;
		};
		A5929B732FC8FEF000116C22 /* AppMetricaAnalytics */ = {
			isa = XCSwiftPackageProductDependency;
			package = A5929B702FC8FEF000116C22 /* XCRemoteSwiftPackageReference "appmetrica-sdk-ios" */;
			productName = AppMetricaAnalytics;
		};
		A5929B752FC8FEF000116C22 /* AppMetricaCore */ = {
			isa = XCSwiftPackageProductDependency;
			package = A5929B702FC8FEF000116C22 /* XCRemoteSwiftPackageReference "appmetrica-sdk-ios" */;
			productName = AppMetricaCore;
		};
		A5929B772FC8FEF000116C22 /* AppMetricaCrashes */ = {
			isa = XCSwiftPackageProductDependency;
			package = A5929B702FC8FEF000116C22 /* XCRemoteSwiftPackageReference "appmetrica-sdk-ios" */;
			productName = AppMetricaCrashes;
		};
		A5929B792FC8FEF000116C22 /* AppMetricaIDSync */ = {
			isa = XCSwiftPackageProductDependency;
			package = A5929B702FC8FEF000116C22 /* XCRemoteSwiftPackageReference "appmetrica-sdk-ios" */;
			productName = AppMetricaIDSync;
		};
		A5929B7E2FC9011F00116C22 /* InlineSnapshotTesting */ = {
			isa = XCSwiftPackageProductDependency;
			package = A5929B7D2FC9011F00116C22 /* XCRemoteSwiftPackageReference "swift-snapshot-testing" */;
			productName = InlineSnapshotTesting;
		};
		A5929B802FC9011F00116C22 /* SnapshotTesting */ = {
			isa = XCSwiftPackageProductDependency;
			package = A5929B7D2FC9011F00116C22 /* XCRemoteSwiftPackageReference "swift-snapshot-testing" */;
			productName = SnapshotTesting;
		};
		A5929B822FC9011F00116C22 /* SnapshotTestingCustomDump */ = {
			isa = XCSwiftPackageProductDependency;
			package = A5929B7D2FC9011F00116C22 /* XCRemoteSwiftPackageReference "swift-snapshot-testing" */;
			productName = SnapshotTestingCustomDump;
		};
/* End XCSwiftPackageProductDependency section */
	};
	rootObject = A5AC67472F991827007CC510 /* Project object */;
}
